{
  "version": "2",
  "remote": {
    "https://deno.land/std@0.159.0/_util/assert.ts": "e94f2eb37cebd7f199952e242c77654e43333c1ac4c5c700e929ea3aa5489f74",
    "https://deno.land/std@0.159.0/flags/mod.ts": "5ecf064f28471b455be61a71b68172236151f3362c8b4a663d5aedee93179ded",
    "https://deno.land/std@0.162.0/fmt/colors.ts": "9e36a716611dcd2e4865adea9c4bec916b5c60caad4cdcdc630d4974e6bb8bd4",
    "https://deno.land/std@0.162.0/testing/_diff.ts": "a23e7fc2b4d8daa3e158fa06856bedf5334ce2a2831e8bf9e509717f455adb2c",
    "https://deno.land/std@0.162.0/testing/_format.ts": "cd11136e1797791045e639e9f0f4640d5b4166148796cad37e6ef75f7d7f3832",
    "https://deno.land/std@0.162.0/testing/asserts.ts": "1e340c589853e82e0807629ba31a43c84ebdcdeca910c4a9705715dfdb0f5ce8",
    "https://raw.githubusercontent.com/pixeleet/fun/main/alt.ts": "b61816a6a848b40eb40ec4548c4c00496dbc8df5f25d2e49fb35164fbd2d3ca3",
    "https://raw.githubusercontent.com/pixeleet/fun/main/applicative.ts": "7a5c09b06a3f8a44aabbfe492f5eab13a7430cad081738200234d6ec4842a0fd",
    "https://raw.githubusercontent.com/pixeleet/fun/main/apply.ts": "29ebcb99c095317c0a3cd96e8ce9bec6e918caec288e635128ac5ec25864f152",
    "https://raw.githubusercontent.com/pixeleet/fun/main/array.ts": "073262f6ca3bc62466959eab6bf00cd9339019dc6018f9b3af0d548c94e72375",
    "https://raw.githubusercontent.com/pixeleet/fun/main/bifunctor.ts": "514c39b7d64829b0f0623532aed1cb798bd87195b16f2998c11f0f13784347f0",
    "https://raw.githubusercontent.com/pixeleet/fun/main/category.ts": "3bfe48095def1826d188d2574749bf02e419e3c9c21c95ac5c57ea93ef4d3cbf",
    "https://raw.githubusercontent.com/pixeleet/fun/main/chain.ts": "d61200d02be8b0b739b331d2a27bfd4323bb6592bbb921057365ccb74a64e580",
    "https://raw.githubusercontent.com/pixeleet/fun/main/comonad.ts": "7afff3dd7228143293ceb3324b18a5a2aebb90698f68199971557d3c8e272e09",
    "https://raw.githubusercontent.com/pixeleet/fun/main/contravariant.ts": "cbab76a4b3f30e4f962ca0e261180f957dc3a6065ad8ef2d58430306ebf92817",
    "https://raw.githubusercontent.com/pixeleet/fun/main/decode_error.ts": "ab17bd8ee1d7c209b1164ca3bb3fda39dd0be5dab646dfe5599a34ccc90def02",
    "https://raw.githubusercontent.com/pixeleet/fun/main/decoder.ts": "1861ed3ce5da60d1a385fcd2347a098acb1c4e1ef9fd33df05cac1bafce9063c",
    "https://raw.githubusercontent.com/pixeleet/fun/main/either.ts": "cbeed0eabcd9e015febe0d0b4ee62542a0a20df8fedc420b9897e030858349b5",
    "https://raw.githubusercontent.com/pixeleet/fun/main/eq.ts": "f1d872548b1782bb69791d169c654c8cf04796864421da05d1fbe566ec60d8bd",
    "https://raw.githubusercontent.com/pixeleet/fun/main/extend.ts": "05716a9e32a6bad4730d0c2df77d762746832344071c050b570618fc881324d3",
    "https://raw.githubusercontent.com/pixeleet/fun/main/filterable.ts": "422b723ff7f96fd5e75189556de91f80a150aabb62b6ab559a3dbde8c5c5f182",
    "https://raw.githubusercontent.com/pixeleet/fun/main/fn.ts": "c4e2428f7cdde4c4f596d2b389366f968d1c3ca3ad84df90f7ca40ead346296d",
    "https://raw.githubusercontent.com/pixeleet/fun/main/fn_either.ts": "2fccb20e69e5f8ba082c6e1897a75482671a41ce0d69ece379c8819bc4a10903",
    "https://raw.githubusercontent.com/pixeleet/fun/main/foldable.ts": "fd35ffe77b94b57f2a4dd9012f36890cd45340c3daa57a0fde31fe3b1b080ce1",
    "https://raw.githubusercontent.com/pixeleet/fun/main/functor.ts": "6fcd10f87762600308f59d7d22c87160ad776d6ea23b0bcc1d3a84a6d53e8aa1",
    "https://raw.githubusercontent.com/pixeleet/fun/main/kind.ts": "5dac98e4d0b54f828c1dc80cc22c24383140464bc05fd1d34605cf6118efdae9",
    "https://raw.githubusercontent.com/pixeleet/fun/main/monad.ts": "e9a664d9f12f325527fd493d5021ad27375cc942235b36fa53dbb565f021c388",
    "https://raw.githubusercontent.com/pixeleet/fun/main/monoid.ts": "257dd6cc859cb4909d00ebcd174851fb34fb8218c57194aad25caa1fc2d816f0",
    "https://raw.githubusercontent.com/pixeleet/fun/main/newtype.ts": "c80de9a9bceb74f1881a9ca8c86931e62ce72fae29e7ead72b7ceb93e43d4837",
    "https://raw.githubusercontent.com/pixeleet/fun/main/nilable.ts": "d67053dcd68ed3c317e6e9af7d4468b64cea457913c0ac28060a8911633d0604",
    "https://raw.githubusercontent.com/pixeleet/fun/main/number.ts": "56dc1a0fd6c880b3e61d54199776ac3d887b68ebea0b45d2f7cf23166705f818",
    "https://raw.githubusercontent.com/pixeleet/fun/main/option.ts": "5fce0b9672e1636cf7858ebcd71491f5a4c86d85d49cbdfc0ca5cfabc1f3a56c",
    "https://raw.githubusercontent.com/pixeleet/fun/main/ord.ts": "fefef7fe3b77752566aa395982ccea7a71fa8f99e6fe28f601c8bbeaf0772dcd",
    "https://raw.githubusercontent.com/pixeleet/fun/main/pair.ts": "64dcb03a98090fd24f2e180fd133f46f358978b8ba49474b3793764f22924d4e",
    "https://raw.githubusercontent.com/pixeleet/fun/main/predicate.ts": "e0bc4791efb36a0e2fed9436bb44d508af504e94efb87ceff9567108be9abd51",
    "https://raw.githubusercontent.com/pixeleet/fun/main/profunctor.ts": "9a7b192c25a44b049b49340c0236c975fa7703bafab7c49f6c93f70d7f0e5b5d",
    "https://raw.githubusercontent.com/pixeleet/fun/main/record.ts": "e8a8f8355639043b4c0dfbdbdfbfb6684c86765fb4d0d70bde50de449c28065a",
    "https://raw.githubusercontent.com/pixeleet/fun/main/refinement.ts": "336bdb6421786aa14db4588d875aff35999c911699e1a6cb7a7aff88c919cdc0",
    "https://raw.githubusercontent.com/pixeleet/fun/main/schemable.ts": "5e372de319a2cbbb30b73f14905be0fdc0cc537fff5964e7f4cf0885158fe829",
    "https://raw.githubusercontent.com/pixeleet/fun/main/semigroup.ts": "49d1fb0d5c46c0c57ce0e138b4e8ce8da7da2f0c298f467338772d34b5554ef1",
    "https://raw.githubusercontent.com/pixeleet/fun/main/semigroupoid.ts": "c60020ed61cb4260c94030ee3a2e9c64c7993bdb75f3e25e14a5d9c1abe89042",
    "https://raw.githubusercontent.com/pixeleet/fun/main/show.ts": "a14a323dab7981f1b1a59d9a6f6181ec9cb8ad3a71ae9f9bea8ae429145f6886",
    "https://raw.githubusercontent.com/pixeleet/fun/main/traversable.ts": "932fa7238440ca1efbca4ff7ed8df1126c126018838c355a055edae60898e337",
    "https://raw.githubusercontent.com/pixeleet/fun/main/tree.ts": "ae8cbfd5aae52f5384bfa931ac0aa8f2dd8ec367cb3cb4da01438fe52ff74935"
  }
}
